
Microsoft Visual Studio Solution File, Format Version 12.00
# Visual Studio Version 17
VisualStudioVersion = 17.7.34003.232
MinimumVisualStudioVersion = 10.0.40219.1
Project("{FAE04EC0-301F-11D3-BF4B-00C04F79EFBC}") = "uppgift1.2", "uppgift1.2\uppgift1.2.csproj", "{88AF83F3-24F6-4473-A29A-AA18A7AF8BD2}"
EndProject
Global
	GlobalSection(SolutionConfigurationPlatforms) = preSolution
		Debug|Any CPU = Debug|Any CPU
		Release|Any CPU = Release|Any CPU
	EndGlobalSection
	GlobalSection(ProjectConfigurationPlatforms) = postSolution
		{88AF83F3-24F6-4473-A29A-AA18A7AF8BD2}.Debug|Any CPU.ActiveCfg = Debug|Any CPU
		{88AF83F3-24F6-4473-A29A-AA18A7AF8BD2}.Debug|Any CPU.Build.0 = Debug|Any CPU
		{88AF83F3-24F6-4473-A29A-AA18A7AF8BD2}.Release|Any CPU.ActiveCfg = Release|Any CPU
		{88AF83F3-24F6-4473-A29A-AA18A7AF8BD2}.Release|Any CPU.Build.0 = Release|Any CPU
	EndGlobalSection
	GlobalSection(SolutionProperties) = preSolution
		HideSolutionNode = FALSE
	EndGlobalSection
	GlobalSection(ExtensibilityGlobals) = postSolution
		SolutionGuid = {37F09BB3-B626-423A-BA5A-8F0FBB8B1471}
	EndGlobalSection
EndGlobal
